// !$*UTF8*$!
{
	archiveVersion = 1;
	classes = {
	};
	objectVersion = 46;
	objects = {

/* Begin PBXBuildFile section */
		848FBE6F19438ED600C5976C /* AppDelegate.swift in Sources */ = {isa = PBXBuildFile; fileRef = 848FBE6E19438ED600C5976C /* AppDelegate.swift */; };
		848FBE7119438ED600C5976C /* Images.xcassets in Resources */ = {isa = PBXBuildFile; fileRef = 848FBE7019438ED600C5976C /* Images.xcassets */; };
		848FBE7D19438ED600C5976C /* ToDoListTests.swift in Sources */ = {isa = PBXBuildFile; fileRef = 848FBE7C19438ED600C5976C /* ToDoListTests.swift */; };
		84D2520319439024002C589B /* Main.storyboard in Resources */ = {isa = PBXBuildFile; fileRef = 84D2520219439024002C589B /* Main.storyboard */; };
		84D252061943EEB5002C589B /* XYZAddToDoItemViewController.swift in Sources */ = {isa = PBXBuildFile; fileRef = 84D252041943EEB5002C589B /* XYZAddToDoItemViewController.swift */; };
		84D252071943EEB5002C589B /* XYZAddToDoItemViewController.xib in Resources */ = {isa = PBXBuildFile; fileRef = 84D252051943EEB5002C589B /* XYZAddToDoItemViewController.xib */; };
		84D2520A1943F0C5002C589B /* XYZTodoListTableViewController.swift in Sources */ = {isa = PBXBuildFile; fileRef = 84D252081943F0C5002C589B /* XYZTodoListTableViewController.swift */; };
		84D2520B1943F0C5002C589B /* XYZTodoListTableViewController.xib in Resources */ = {isa = PBXBuildFile; fileRef = 84D252091943F0C5002C589B /* XYZTodoListTableViewController.xib */; };
/* End PBXBuildFile section */

/* Begin PBXContainerItemProxy section */
		848FBE7719438ED600C5976C /* PBXContainerItemProxy */ = {
			isa = PBXContainerItemProxy;
			containerPortal = 848FBE6119438ED600C5976C /* Project object */;
			proxyType = 1;
			remoteGlobalIDString = 848FBE6819438ED600C5976C;
			remoteInfo = ToDoList;
		};
/* End PBXContainerItemProxy section */

/* Begin PBXFileReference section */
		8469D23B1943F9E6000E2F84 /* XYZTodoListTableViewController.h */ = {isa = PBXFileReference; fileEncoding = 4; lastKnownFileType = sourcecode.c.h; name = XYZTodoListTableViewController.h; path = ../XYZTodoListTableViewController.h; sourceTree = "<group>"; };
		848FBE6919438ED600C5976C /* ToDoList.app */ = {isa = PBXFileReference; explicitFileType = wrapper.application; includeInIndex = 0; path = ToDoList.app; sourceTree = BUILT_PRODUCTS_DIR; };
		848FBE6D19438ED600C5976C /* Info.plist */ = {isa = PBXFileReference; lastKnownFileType = text.plist.xml; path = Info.plist; sourceTree = "<group>"; };
		848FBE6E19438ED600C5976C /* AppDelegate.swift */ = {isa = PBXFileReference; lastKnownFileType = sourcecode.swift; path = AppDelegate.swift; sourceTree = "<group>"; };
		848FBE7019438ED600C5976C /* Images.xcassets */ = {isa = PBXFileReference; lastKnownFileType = folder.assetcatalog; path = Images.xcassets; sourceTree = "<group>"; };
		848FBE7619438ED600C5976C /* ToDoListTests.xctest */ = {isa = PBXFileReference; explicitFileType = wrapper.cfbundle; includeInIndex = 0; path = ToDoListTests.xctest; sourceTree = BUILT_PRODUCTS_DIR; };
		848FBE7B19438ED600C5976C /* Info.plist */ = {isa = PBXFileReference; lastKnownFileType = text.plist.xml; path = Info.plist; sourceTree = "<group>"; };
		848FBE7C19438ED600C5976C /* ToDoListTests.swift */ = {isa = PBXFileReference; lastKnownFileType = sourcecode.swift; path = ToDoListTests.swift; sourceTree = "<group>"; };
		84D2520219439024002C589B /* Main.storyboard */ = {isa = PBXFileReference; fileEncoding = 4; lastKnownFileType = file.storyboard; path = Main.storyboard; sourceTree = "<group>"; };
		84D252041943EEB5002C589B /* XYZAddToDoItemViewController.swift */ = {isa = PBXFileReference; fileEncoding = 4; lastKnownFileType = sourcecode.swift; path = XYZAddToDoItemViewController.swift; sourceTree = "<group>"; };
		84D252051943EEB5002C589B /* XYZAddToDoItemViewController.xib */ = {isa = PBXFileReference; fileEncoding = 4; lastKnownFileType = file.xib; path = XYZAddToDoItemViewController.xib; sourceTree = "<group>"; };
		84D252081943F0C5002C589B /* XYZTodoListTableViewController.swift */ = {isa = PBXFileReference; fileEncoding = 4; lastKnownFileType = sourcecode.swift; path = XYZTodoListTableViewController.swift; sourceTree = "<group>"; };
		84D252091943F0C5002C589B /* XYZTodoListTableViewController.xib */ = {isa = PBXFileReference; fileEncoding = 4; lastKnownFileType = file.xib; path = XYZTodoListTableViewController.xib; sourceTree = "<group>"; };
/* End PBXFileReference section */

/* Begin PBXFrameworksBuildPhase section */
		848FBE6619438ED600C5976C /* Frameworks */ = {
			isa = PBXFrameworksBuildPhase;
			buildActionMask = 2147483647;
			files = (
			);
			runOnlyForDeploymentPostprocessing = 0;
		};
		848FBE7319438ED600C5976C /* Frameworks */ = {
			isa = PBXFrameworksBuildPhase;
			buildActionMask = 2147483647;
			files = (
			);
			runOnlyForDeploymentPostprocessing = 0;
		};
/* End PBXFrameworksBuildPhase section */

/* Begin PBXGroup section */
		848FBE6019438ED600C5976C = {
			isa = PBXGroup;
			children = (
				848FBE6B19438ED600C5976C /* ToDoList */,
				848FBE7919438ED600C5976C /* ToDoListTests */,
				848FBE6A19438ED600C5976C /* Products */,
			);
			sourceTree = "<group>";
		};
		848FBE6A19438ED600C5976C /* Products */ = {
			isa = PBXGroup;
			children = (
				848FBE6919438ED600C5976C /* ToDoList.app */,
				848FBE7619438ED600C5976C /* ToDoListTests.xctest */,
			);
			name = Products;
			sourceTree = "<group>";
		};
		848FBE6B19438ED600C5976C /* ToDoList */ = {
			isa = PBXGroup;
			children = (
				848FBE6E19438ED600C5976C /* AppDelegate.swift */,
				84D2520219439024002C589B /* Main.storyboard */,
				8469D23B1943F9E6000E2F84 /* XYZTodoListTableViewController.h */,
				84D252081943F0C5002C589B /* XYZTodoListTableViewController.swift */,
				84D252091943F0C5002C589B /* XYZTodoListTableViewController.xib */,
				84D252041943EEB5002C589B /* XYZAddToDoItemViewController.swift */,
				84D252051943EEB5002C589B /* XYZAddToDoItemViewController.xib */,
				848FBE7019438ED600C5976C /* Images.xcassets */,
				848FBE6C19438ED600C5976C /* Supporting Files */,
			);
			path = ToDoList;
			sourceTree = "<group>";
		};
		848FBE6C19438ED600C5976C /* Supporting Files */ = {
			isa = PBXGroup;
			children = (
				848FBE6D19438ED600C5976C /* Info.plist */,
			);
			name = "Supporting Files";
			sourceTree = "<group>";
		};
		848FBE7919438ED600C5976C /* ToDoListTests */ = {
			isa = PBXGroup;
			children = (
				848FBE7C19438ED600C5976C /* ToDoListTests.swift */,
				848FBE7A19438ED600C5976C /* Supporting Files */,
			);
			path = ToDoListTests;
			sourceTree = "<group>";
		};
		848FBE7A19438ED600C5976C /* Supporting Files */ = {
			isa = PBXGroup;
			children = (
				848FBE7B19438ED600C5976C /* Info.plist */,
			);
			name = "Supporting Files";
			sourceTree = "<group>";
		};
/* End PBXGroup section */

/* Begin PBXNativeTarget section */
		848FBE6819438ED600C5976C /* ToDoList */ = {
			isa = PBXNativeTarget;
			buildConfigurationList = 848FBE8019438ED600C5976C /* Build configuration list for PBXNativeTarget "ToDoList" */;
			buildPhases = (
				848FBE6519438ED600C5976C /* Sources */,
				848FBE6619438ED600C5976C /* Frameworks */,
				848FBE6719438ED600C5976C /* Resources */,
			);
			buildRules = (
			);
			dependencies = (
			);
			name = ToDoList;
			productName = ToDoList;
			productReference = 848FBE6919438ED600C5976C /* ToDoList.app */;
			productType = "com.apple.product-type.application";
		};
		848FBE7519438ED600C5976C /* ToDoListTests */ = {
			isa = PBXNativeTarget;
			buildConfigurationList = 848FBE8319438ED600C5976C /* Build configuration list for PBXNativeTarget "ToDoListTests" */;
			buildPhases = (
				848FBE7219438ED600C5976C /* Sources */,
				848FBE7319438ED600C5976C /* Frameworks */,
				848FBE7419438ED600C5976C /* Resources */,
			);
			buildRules = (
			);
			dependencies = (
				848FBE7819438ED600C5976C /* PBXTargetDependency */,
			);
			name = ToDoListTests;
			productName = ToDoListTests;
			productReference = 848FBE7619438ED600C5976C /* ToDoListTests.xctest */;
			productType = "com.apple.product-type.bundle.unit-test";
		};
/* End PBXNativeTarget section */

/* Begin PBXProject section */
		848FBE6119438ED600C5976C /* Project object */ = {
			isa = PBXProject;
			attributes = {
				LastUpgradeCheck = 0600;
				ORGANIZATIONNAME = "Mendoza, Ray";
				TargetAttributes = {
					848FBE6819438ED600C5976C = {
						CreatedOnToolsVersion = 6.0;
					};
					848FBE7519438ED600C5976C = {
						CreatedOnToolsVersion = 6.0;
						TestTargetID = 848FBE6819438ED600C5976C;
					};
				};
			};
			buildConfigurationList = 848FBE6419438ED600C5976C /* Build configuration list for PBXProject "ToDoList" */;
			compatibilityVersion = "Xcode 3.2";
			developmentRegion = English;
			hasScannedForEncodings = 0;
			knownRegions = (
				en,
			);
			mainGroup = 848FBE6019438ED600C5976C;
			productRefGroup = 848FBE6A19438ED600C5976C /* Products */;
			projectDirPath = "";
			projectRoot = "";
			targets = (
				848FBE6819438ED600C5976C /* ToDoList */,
				848FBE7519438ED600C5976C /* ToDoListTests */,
			);
		};
/* End PBXProject section */

/* Begin PBXResourcesBuildPhase section */
		848FBE6719438ED600C5976C /* Resources */ = {
			isa = PBXResourcesBuildPhase;
			buildActionMask = 2147483647;
			files = (
				848FBE7119438ED600C5976C /* Images.xcassets in Resources */,
				84D252071943EEB5002C589B /* XYZAddToDoItemViewController.xib in Resources */,
				84D2520319439024002C589B /* Main.storyboard in Resources */,
				84D2520B1943F0C5002C589B /* XYZTodoListTableViewController.xib in Resources */,
			);
			runOnlyForDeploymentPostprocessing = 0;
		};
		848FBE7419438ED600C5976C /* Resources */ = {
			isa = PBXResourcesBuildPhase;
			buildActionMask = 2147483647;
			files = (
			);
			runOnlyForDeploymentPostprocessing = 0;
		};
/* End PBXResourcesBuildPhase section */

/* Begin PBXSourcesBuildPhase section */
		848FBE6519438ED600C5976C /* Sources */ = {
			isa = PBXSourcesBuildPhase;
			buildActionMask = 2147483647;
			files = (
				84D2520A1943F0C5002C589B /* XYZTodoListTableViewController.swift in Sources */,
				848FBE6F19438ED600C5976C /* AppDelegate.swift in Sources */,
				84D252061943EEB5002C589B /* XYZAddToDoItemViewController.swift in Sources */,
			);
			runOnlyForDeploymentPostprocessing = 0;
		};
		848FBE7219438ED600C5976C /* Sources */ = {
			isa = PBXSourcesBuildPhase;
			buildActionMask = 2147483647;
			files = (
				848FBE7D19438ED600C5976C /* ToDoListTests.swift in Sources */,
			);
			runOnlyForDeploymentPostprocessing = 0;
		};
/* End PBXSourcesBuildPhase section */

/* Begin PBXTargetDependency section */
		848FBE7819438ED600C5976C /* PBXTargetDependency */ = {
			isa = PBXTargetDependency;
			target = 848FBE6819438ED600C5976C /* ToDoList */;
			targetProxy = 848FBE7719438ED600C5976C /* PBXContainerItemProxy */;
		};
/* End PBXTargetDependency section */

/* Begin XCBuildConfiguration section */
		848FBE7E19438ED600C5976C /* Debug */ = {
			isa = XCBuildConfiguration;
			buildSettings = {
				ALWAYS_SEARCH_USER_PATHS = NO;
				CLANG_CXX_LANGUAGE_STANDARD = "gnu++0x";
				CLANG_CXX_LIBRARY = "libc++";
				CLANG_ENABLE_MODULES = YES;
				CLANG_ENABLE_OBJC_ARC = YES;
				CLANG_WARN_BOOL_CONVERSION = YES;
				CLANG_WARN_CONSTANT_CONVERSION = YES;
				CLANG_WARN_DIRECT_OBJC_ISA_USAGE = YES_ERROR;
				CLANG_WARN_EMPTY_BODY = YES;
				CLANG_WARN_ENUM_CONVERSION = YES;
				CLANG_WARN_INT_CONVERSION = YES;
				CLANG_WARN_OBJC_ROOT_CLASS = YES_ERROR;
				CLANG_WARN_UNREACHABLE_CODE = YES;
				CLANG_WARN__DUPLICATE_METHOD_MATCH = YES;
				"CODE_SIGN_IDENTITY[sdk=iphoneos*]" = "iPhone Developer";
				COPY_PHASE_STRIP = NO;
				ENABLE_STRICT_OBJC_MSGSEND = YES;
				GCC_C_LANGUAGE_STANDARD = gnu99;
				GCC_DYNAMIC_NO_PIC = NO;
				GCC_OPTIMIZATION_LEVEL = 0;
				GCC_PREPROCESSOR_DEFINITIONS = (
					"DEBUG=1",
					"$(inherited)",
				);
				GCC_SYMBOLS_PRIVATE_EXTERN = NO;
				GCC_WARN_64_TO_32_BIT_CONVERSION = YES;
				GCC_WARN_ABOUT_RETURN_TYPE = YES_ERROR;
				GCC_WARN_UNDECLARED_SELECTOR = YES;
				GCC_WARN_UNINITIALIZED_AUTOS = YES_AGGRESSIVE;
				GCC_WARN_UNUSED_FUNCTION = YES;
				GCC_WARN_UNUSED_VARIABLE = YES;
				IPHONEOS_DEPLOYMENT_TARGET = 8.0;
				METAL_ENABLE_DEBUG_INFO = YES;
				ONLY_ACTIVE_ARCH = YES;
				SDKROOT = iphoneos;
				SWIFT_OPTIMIZATION_LEVEL = "-Onone";
				TARGETED_DEVICE_FAMILY = "1,2";
			};
			name = Debug;
		};
		848FBE7F19438ED600C5976C /* Release */ = {
			isa = XCBuildConfiguration;
			buildSettings = {
				ALWAYS_SEARCH_USER_PATHS = NO;
				CLANG_CXX_LANGUAGE_STANDARD = "gnu++0x";
				CLANG_CXX_LIBRARY = "libc++";
				CLANG_ENABLE_MODULES = YES;
				CLANG_ENABLE_OBJC_ARC = YES;
				CLANG_WARN_BOOL_CONVERSION = YES;
				CLANG_WARN_CONSTANT_CONVERSION = YES;
				CLANG_WARN_DIRECT_OBJC_ISA_USAGE = YES_ERROR;
				CLANG_WARN_EMPTY_BODY = YES;
				CLANG_WARN_ENUM_CONVERSION = YES;
				CLANG_WARN_INT_CONVERSION = YES;
				CLANG_WARN_OBJC_ROOT_CLASS = YES_ERROR;
				CLANG_WARN_UNREACHABLE_CODE = YES;
				CLANG_WARN__DUPLICATE_METHOD_MATCH = YES;
				"CODE_SIGN_IDENTITY[sdk=iphoneos*]" = "iPhone Developer";
				COPY_PHASE_STRIP = YES;
				ENABLE_NS_ASSERTIONS = NO;
				ENABLE_STRICT_OBJC_MSGSEND = YES;
				GCC_C_LANGUAGE_STANDARD = gnu99;
				GCC_WARN_64_TO_32_BIT_CONVERSION = YES;
				GCC_WARN_ABOUT_RETURN_TYPE = YES_ERROR;
				GCC_WARN_UNDECLARED_SELECTOR = YES;
				GCC_WARN_UNINITIALIZED_AUTOS = YES_AGGRESSIVE;
				GCC_WARN_UNUSED_FUNCTION = YES;
				GCC_WARN_UNUSED_VARIABLE = YES;
				IPHONEOS_DEPLOYMENT_TARGET = 8.0;
				METAL_ENABLE_DEBUG_INFO = NO;
				SDKROOT = iphoneos;
				TARGETED_DEVICE_FAMILY = "1,2";
				VALIDATE_PRODUCT = YES;
			};
			name = Release;
		};
		848FBE8119438ED600C5976C /* Debug */ = {
			isa = XCBuildConfiguration;
			buildSettings = {
				ASSETCATALOG_COMPILER_APPICON_NAME = AppIcon;
				ASSETCATALOG_COMPILER_LAUNCHIMAGE_NAME = LaunchImage;
				INFOPLIST_FILE = ToDoList/Info.plist;
				LD_RUNPATH_SEARCH_PATHS = "$(inherited) @executable_path/Frameworks";
				PRODUCT_NAME = "$(TARGET_NAME)";
			};
			name = Debug;
		};
		848FBE8219438ED600C5976C /* Release */ = {
			isa = XCBuildConfiguration;
			buildSettings = {
				ASSETCATALOG_COMPILER_APPICON_NAME = AppIcon;
				ASSETCATALOG_COMPILER_LAUNCHIMAGE_NAME = LaunchImage;
				INFOPLIST_FILE = ToDoList/Info.plist;
				LD_RUNPATH_SEARCH_PATHS = "$(inherited) @executable_path/Frameworks";
				PRODUCT_NAME = "$(TARGET_NAME)";
			};
			name = Release;
		};
		848FBE8419438ED600C5976C /* Debug */ = {
			isa = XCBuildConfiguration;
			buildSettings = {
				BUNDLE_LOADER = "$(BUILT_PRODUCTS_DIR)/ToDoList.app/ToDoList";
				FRAMEWORK_SEARCH_PATHS = (
					"$(SDKROOT)/Developer/Library/Frameworks",
					"$(inherited)",
				);
				GCC_PREPROCESSOR_DEFINITIONS = (
					"DEBUG=1",
					"$(inherited)",
				);
				INFOPLIST_FILE = ToDoListTests/Info.plist;
				LD_RUNPATH_SEARCH_PATHS = "$(inherited) @executable_path/Frameworks @loader_path/Frameworks";
				METAL_ENABLE_DEBUG_INFO = YES;
				PRODUCT_NAME = "$(TARGET_NAME)";
				TEST_HOST = "$(BUNDLE_LOADER)";
			};
			name = Debug;
		};
		848FBE8519438ED600C5976C /* Release */ = {
			isa = XCBuildConfiguration;
			buildSettings = {
				BUNDLE_LOADER = "$(BUILT_PRODUCTS_DIR)/ToDoList.app/ToDoList";
				FRAMEWORK_SEARCH_PATHS = (
					"$(SDKROOT)/Developer/Library/Frameworks",
					"$(inherited)",
				);
				INFOPLIST_FILE = ToDoListTests/Info.plist;
				LD_RUNPATH_SEARCH_PATHS = "$(inherited) @executable_path/Frameworks @loader_path/Frameworks";
				METAL_ENABLE_DEBUG_INFO = NO;
				PRODUCT_NAME = "$(TARGET_NAME)";
				TEST_HOST = "$(BUNDLE_LOADER)";
			};
			name = Release;
		};
/* End XCBuildConfiguration section */

/* Begin XCConfigurationList section */
		848FBE6419438ED600C5976C /* Build configuration list for PBXProject "ToDoList" */ = {
			isa = XCConfigurationList;
			buildConfigurations = (
				848FBE7E19438ED600C5976C /* Debug */,
				848FBE7F19438ED600C5976C /* Release */,
			);
			defaultConfigurationIsVisible = 0;
			defaultConfigurationName = Release;
		};
		848FBE8019438ED600C5976C /* Build configuration list for PBXNativeTarget "ToDoList" */ = {
			isa = XCConfigurationList;
			buildConfigurations = (
				848FBE8119438ED600C5976C /* Debug */,
				848FBE8219438ED600C5976C /* Release */,
			);
			defaultConfigurationIsVisible = 0;
			defaultConfigurationName = Release;
		};
		848FBE8319438ED600C5976C /* Build configuration list for PBXNativeTarget "ToDoListTests" */ = {
			isa = XCConfigurationList;
			buildConfigurations = (
				848FBE8419438ED600C5976C /* Debug */,
				848FBE8519438ED600C5976C /* Release */,
			);
			defaultConfigurationIsVisible = 0;
			defaultConfigurationName = Release;
		};
/* End XCConfigurationList section */
	};
	rootObject = 848FBE6119438ED600C5976C /* Project object */;
}
